
Microsoft Visual Studio Solution File, Format Version 12.00
# Visual Studio Version 16
VisualStudioVersion = 16.0.29519.181
MinimumVisualStudioVersion = 10.0.40219.1
Project("{FAE04EC0-301F-11D3-BF4B-00C04F79EFBC}") = "RicercaOrdinamento", "RicercaOrdinamento\RicercaOrdinamento.csproj", "{CABA0F6F-E6BB-4B95-8F9A-80D5C7AF8C18}"
EndProject
Global
	GlobalSection(SolutionConfigurationPlatforms) = preSolution
		Debug|Any CPU = Debug|Any CPU
		Release|Any CPU = Release|Any CPU
	EndGlobalSection
	GlobalSection(ProjectConfigurationPlatforms) = postSolution
		{CABA0F6F-E6BB-4B95-8F9A-80D5C7AF8C18}.Debug|Any CPU.ActiveCfg = Debug|Any CPU
		{CABA0F6F-E6BB-4B95-8F9A-80D5C7AF8C18}.Debug|Any CPU.Build.0 = Debug|Any CPU
		{CABA0F6F-E6BB-4B95-8F9A-80D5C7AF8C18}.Release|Any CPU.ActiveCfg = Release|Any CPU
		{CABA0F6F-E6BB-4B95-8F9A-80D5C7AF8C18}.Release|Any CPU.Build.0 = Release|Any CPU
	EndGlobalSection
	GlobalSection(SolutionProperties) = preSolution
		HideSolutionNode = FALSE
	EndGlobalSection
	GlobalSection(ExtensibilityGlobals) = postSolution
		SolutionGuid = {6D37CD99-5B97-433F-BCE4-63B68D3851DB}
	EndGlobalSection
EndGlobal
